<Solution>
  <Folder Name="/src/">
    <Project Path="src/SmallFuturesLab.Risk/SmallFuturesLab.Risk.csproj" />
    <Project Path="src/SmallFuturesLab.ProductFilter/SmallFuturesLab.ProductFilter.csproj" />
  </Folder>
  <Folder Name="/test/">
    <Project Path="test/SmallFuturesLab.Risk.Tests/SmallFuturesLab.Risk.Tests.csproj" />
    <Project Path="test/SmallFuturesLab.ProductFilter.Tests/SmallFuturesLab.ProductFilter.Tests.csproj" />
  </Folder>
</Solution>
